{
  "name": "ci-demo",
  "version": "1.0.0",
  "lockfileVersion": 3,
  "requires": true,
  "packages": {
    "": {
      "name": "ci-demo",
      "version": "1.0.0",
      "license": "ISC",
      "dependencies": {
        "gpl-3.0": "1.0.1",
        "lodash": "4.17.15"
      }
    },
    "node_modules/gpl-3.0": {
      "version": "1.0.1",
      "resolved": "https://registry.npmjs.org/gpl-3.0/-/gpl-3.0-1.0.1.tgz",
      "integrity": "sha512-wshtLAz+hPBAK9cTIwY9/kVCM9bwqaaop028Tcuc79UE4D+WRje9pFErdhR6Y7MIMjWsPBLrY9fClvBwXyBXBQ=="
    },
    "node_modules/lodash": {
      "version": "4.17.15",
      "resolved": "https://registry.npmjs.org/lodash/-/lodash-4.17.15.tgz",
      "integrity": "sha512-8xOcRHvCjnocdS5cpwXQXVzmmh5e5+saE2QGoeQmbKmRS6J3VQppPOIt0MnmE+4xlZoumy0GPG0D0MVIQbNA1A==",
      "license": "MIT"
    }
  }
}
